{
  "version": 4,
  "terraform_version": "1.5.7",
  "serial": 15,
  "lineage": "8133bf85-bd0c-ad5d-f4cb-2e4d7ecd5b7d",
  "outputs": {
    "service_account_email": {
      "value": "github-action@stgtest-424513.iam.gserviceaccount.com",
      "type": "string"
    },
    "workload_identity_provider": {
      "value": "projects/stgtest-424513/locations/global/workloadIdentityPools/projects/270438815771/locations/global/workloadIdentityPools/gh-actions-pool/providers/projects/270438815771/locations/global/workloadIdentityPools/gh-actions-pool/providers/gh-actions-provider",
      "type": "string"
    }
  },
  "resources": [
    {
      "mode": "managed",
      "type": "google_project_iam_member",
      "name": "github_action_owner",
      "provider": "provider[\"registry.terraform.io/hashicorp/google\"]",
      "instances": [
        {
          "schema_version": 0,
          "attributes": {
            "condition": [],
            "etag": "BwYZXnwYh20=",
            "id": "stgtest-424513/roles/owner/serviceAccount:github-action@stgtest-424513.iam.gserviceaccount.com",
            "member": "serviceAccount:github-action@stgtest-424513.iam.gserviceaccount.com",
            "project": "stgtest-424513",
            "role": "roles/owner"
          },
          "sensitive_attributes": [],
          "private": "bnVsbA==",
          "dependencies": [
            "google_service_account.github_action_sa"
          ]
        }
      ]
    },
    {
      "mode": "managed",
      "type": "google_project_service",
      "name": "cloudresourcemanager",
      "provider": "provider[\"registry.terraform.io/hashicorp/google\"]",
      "instances": [
        {
          "schema_version": 0,
          "attributes": {
            "disable_dependent_services": null,
            "disable_on_destroy": true,
            "id": "stgtest-424513/cloudresourcemanager.googleapis.com",
            "project": "stgtest-424513",
            "service": "cloudresourcemanager.googleapis.com",
            "timeouts": null
          },
          "sensitive_attributes": [],
          "private": "eyJlMmJmYjczMC1lY2FhLTExZTYtOGY4OC0zNDM2M2JjN2M0YzAiOnsiY3JlYXRlIjoxMjAwMDAwMDAwMDAwLCJkZWxldGUiOjEyMDAwMDAwMDAwMDAsInJlYWQiOjYwMDAwMDAwMDAwMCwidXBkYXRlIjoxMjAwMDAwMDAwMDAwfX0="
        }
      ]
    },
    {
      "mode": "managed",
      "type": "google_project_service",
      "name": "iam",
      "provider": "provider[\"registry.terraform.io/hashicorp/google\"]",
      "instances": [
        {
          "schema_version": 0,
          "attributes": {
            "disable_dependent_services": null,
            "disable_on_destroy": true,
            "id": "stgtest-424513/iam.googleapis.com",
            "project": "stgtest-424513",
            "service": "iam.googleapis.com",
            "timeouts": null
          },
          "sensitive_attributes": [],
          "private": "eyJlMmJmYjczMC1lY2FhLTExZTYtOGY4OC0zNDM2M2JjN2M0YzAiOnsiY3JlYXRlIjoxMjAwMDAwMDAwMDAwLCJkZWxldGUiOjEyMDAwMDAwMDAwMDAsInJlYWQiOjYwMDAwMDAwMDAwMCwidXBkYXRlIjoxMjAwMDAwMDAwMDAwfX0="
        }
      ]
    },
    {
      "mode": "managed",
      "type": "google_project_service",
      "name": "iamcredentials",
      "provider": "provider[\"registry.terraform.io/hashicorp/google\"]",
      "instances": [
        {
          "schema_version": 0,
          "attributes": {
            "disable_dependent_services": null,
            "disable_on_destroy": true,
            "id": "stgtest-424513/iamcredentials.googleapis.com",
            "project": "stgtest-424513",
            "service": "iamcredentials.googleapis.com",
            "timeouts": null
          },
          "sensitive_attributes": [],
          "private": "eyJlMmJmYjczMC1lY2FhLTExZTYtOGY4OC0zNDM2M2JjN2M0YzAiOnsiY3JlYXRlIjoxMjAwMDAwMDAwMDAwLCJkZWxldGUiOjEyMDAwMDAwMDAwMDAsInJlYWQiOjYwMDAwMDAwMDAwMCwidXBkYXRlIjoxMjAwMDAwMDAwMDAwfX0="
        }
      ]
    },
    {
      "mode": "managed",
      "type": "google_project_service",
      "name": "sts",
      "provider": "provider[\"registry.terraform.io/hashicorp/google\"]",
      "instances": [
        {
          "schema_version": 0,
          "attributes": {
            "disable_dependent_services": null,
            "disable_on_destroy": true,
            "id": "stgtest-424513/sts.googleapis.com",
            "project": "stgtest-424513",
            "service": "sts.googleapis.com",
            "timeouts": null
          },
          "sensitive_attributes": [],
          "private": "eyJlMmJmYjczMC1lY2FhLTExZTYtOGY4OC0zNDM2M2JjN2M0YzAiOnsiY3JlYXRlIjoxMjAwMDAwMDAwMDAwLCJkZWxldGUiOjEyMDAwMDAwMDAwMDAsInJlYWQiOjYwMDAwMDAwMDAwMCwidXBkYXRlIjoxMjAwMDAwMDAwMDAwfX0="
        }
      ]
    },
    {
      "mode": "managed",
      "type": "google_service_account",
      "name": "github_action_sa",
      "provider": "provider[\"registry.terraform.io/hashicorp/google\"]",
      "instances": [
        {
          "schema_version": 0,
          "attributes": {
            "account_id": "github-action",
            "create_ignore_already_exists": null,
            "description": "",
            "disabled": false,
            "display_name": "GitHub Action Service Account",
            "email": "github-action@stgtest-424513.iam.gserviceaccount.com",
            "id": "projects/stgtest-424513/serviceAccounts/github-action@stgtest-424513.iam.gserviceaccount.com",
            "member": "serviceAccount:github-action@stgtest-424513.iam.gserviceaccount.com",
            "name": "projects/stgtest-424513/serviceAccounts/github-action@stgtest-424513.iam.gserviceaccount.com",
            "project": "stgtest-424513",
            "timeouts": null,
            "unique_id": "108026667174846030419"
          },
          "sensitive_attributes": [],
          "private": "eyJlMmJmYjczMC1lY2FhLTExZTYtOGY4OC0zNDM2M2JjN2M0YzAiOnsiY3JlYXRlIjozMDAwMDAwMDAwMDB9fQ=="
        }
      ]
    },
    {
      "module": "module.gh_oidc",
      "mode": "managed",
      "type": "google_iam_workload_identity_pool",
      "name": "main",
      "provider": "provider[\"registry.terraform.io/hashicorp/google-beta\"]",
      "instances": [
        {
          "schema_version": 0,
          "attributes": {
            "description": "Workload Identity Pool managed by Terraform",
            "disabled": false,
            "display_name": "",
            "id": "projects/stgtest-424513/locations/global/workloadIdentityPools/gh-actions-pool",
            "name": "projects/270438815771/locations/global/workloadIdentityPools/gh-actions-pool",
            "project": "stgtest-424513",
            "state": "ACTIVE",
            "timeouts": null,
            "workload_identity_pool_id": "gh-actions-pool"
          },
          "sensitive_attributes": [],
          "private": "eyJlMmJmYjczMC1lY2FhLTExZTYtOGY4OC0zNDM2M2JjN2M0YzAiOnsiY3JlYXRlIjoxMjAwMDAwMDAwMDAwLCJkZWxldGUiOjEyMDAwMDAwMDAwMDAsInVwZGF0ZSI6MTIwMDAwMDAwMDAwMH19"
        }
      ]
    },
    {
      "module": "module.gh_oidc",
      "mode": "managed",
      "type": "google_iam_workload_identity_pool_provider",
      "name": "main",
      "provider": "provider[\"registry.terraform.io/hashicorp/google-beta\"]",
      "instances": [
        {
          "schema_version": 0,
          "attributes": {
            "attribute_condition": "",
            "attribute_mapping": {
              "attribute.actor": "assertion.actor",
              "attribute.aud": "assertion.aud",
              "attribute.repository": "assertion.repository",
              "google.subject": "assertion.sub"
            },
            "aws": [],
            "description": "Workload Identity Pool Provider managed by Terraform",
            "disabled": false,
            "display_name": "",
            "id": "projects/stgtest-424513/locations/global/workloadIdentityPools/gh-actions-pool/providers/gh-actions-provider",
            "name": "projects/270438815771/locations/global/workloadIdentityPools/gh-actions-pool/providers/gh-actions-provider",
            "oidc": [
              {
                "allowed_audiences": [],
                "issuer_uri": "https://token.actions.githubusercontent.com",
                "jwks_json": ""
              }
            ],
            "project": "stgtest-424513",
            "saml": [],
            "state": "ACTIVE",
            "timeouts": null,
            "workload_identity_pool_id": "gh-actions-pool",
            "workload_identity_pool_provider_id": "gh-actions-provider"
          },
          "sensitive_attributes": [],
          "private": "eyJlMmJmYjczMC1lY2FhLTExZTYtOGY4OC0zNDM2M2JjN2M0YzAiOnsiY3JlYXRlIjoxMjAwMDAwMDAwMDAwLCJkZWxldGUiOjEyMDAwMDAwMDAwMDAsInVwZGF0ZSI6MTIwMDAwMDAwMDAwMH19",
          "dependencies": [
            "module.gh_oidc.google_iam_workload_identity_pool.main"
          ]
        }
      ]
    },
    {
      "module": "module.gh_oidc",
      "mode": "managed",
      "type": "google_service_account_iam_member",
      "name": "wif-sa",
      "provider": "provider[\"registry.terraform.io/hashicorp/google\"]",
      "instances": [
        {
          "index_key": "kaihendry-bqtest-github-action",
          "schema_version": 0,
          "attributes": {
            "condition": [],
            "etag": "BwYZXmNZCKI=",
            "id": "projects/stgtest-424513/serviceAccounts/github-action@stgtest-424513.iam.gserviceaccount.com/roles/iam.workloadIdentityUser/principalSet://iam.googleapis.com/projects/270438815771/locations/global/workloadIdentityPools/gh-actions-pool/attribute.repository/kaihendry/bq-terraform",
            "member": "principalSet://iam.googleapis.com/projects/270438815771/locations/global/workloadIdentityPools/gh-actions-pool/attribute.repository/kaihendry/bq-terraform",
            "role": "roles/iam.workloadIdentityUser",
            "service_account_id": "projects/stgtest-424513/serviceAccounts/github-action@stgtest-424513.iam.gserviceaccount.com"
          },
          "sensitive_attributes": [],
          "private": "bnVsbA==",
          "dependencies": [
            "google_service_account.github_action_sa",
            "module.gh_oidc.google_iam_workload_identity_pool.main"
          ]
        }
      ]
    }
  ],
  "check_results": null
}
